github.com/RediSearch/redisearch-go/v2 v2.1.1 h1:cCn3i40uLsVD8cxwrdrGfhdAgbR5Cld9q11eYyVOwpM=
github.com/RediSearch/redisearch-go/v2 v2.1.1/go.mod h1:Uw93Wi97QqAsw1DwbQrhVd88dBorGTfSuCS42zfh1iA=
github.com/davecgh/go-spew v1.1.0/go.mod h1:J7Y8YcW2NihsgmVo/mv3lAwl/skON4iLHjSsI+c5H38=
github.com/davecgh/go-spew v1.1.1 h1:vj9j/u1bqnvCEfJOwUhtlOARqs3+rkHYY13jYWTU97c=
github.com/davecgh/go-spew v1.1.1/go.mod h1:J7Y8YcW2NihsgmVo/mv3lAwl/skON4iLHjSsI+c5H38=
github.com/dlclark/regexp2 v1.8.1 h1:6Lcdwya6GjPUNsBct8Lg/yRPwMhABj269AAzdGSiR+0=
github.com/dlclark/regexp2 v1.8.1/go.mod h1:DHkYz0B9wPfa6wondMfaivmHpzrQ3v9q8cnmRbL6yW8=
github.com/gomodule/redigo v1.8.9 h1:Sl3u+2BI/kk+VEatbj0scLdrFhjPmbxOc1myhDP41ws=
github.com/gomodule/redigo v1.8.9/go.mod h1:7ArFNvsTjH8GMMzB4uy1snslv2BwmginuMs06a1uzZE=
github.com/google/uuid v1.3.0 h1:t6JiXgmwXMjEs8VusXIJk2BXHsn+wx8BZdTaoZ5fu7I=
github.com/google/uuid v1.3.0/go.mod h1:TIyPZe4MgqvfeYDBFedMoGGpEw/LqOeaOT+nhxU+yHo=
github.com/henomis/cohere-go v1.0.1 h1:a47gIN29tqAl4yBTAT+BzQMjsWG94Fz07u9AE4Md+a8=
github.com/henomis/cohere-go v1.0.1/go.mod h1:F6D33jlWle6pbGdf9Fm2bteaOOQOO1cQtFnlFfj+ZXY=
github.com/henomis/milvus-go v0.0.4 h1:ArddXRJx/EGdQ75gB7TyEzD4Z4BqXzW16p8jRcjJOhs=
github.com/henomis/milvus-go v0.0.4/go.mod h1:nZ/NvDOLoGl7FQrYSm0JfeefPBVXph9PpE4y3lPpbj4=
github.com/henomis/pinecone-go v1.1.2 h1:hOEhk/WAT7r3ini12fyyoAIT65nzeqmWG8t4YObvOZ8=
github.com/henomis/pinecone-go v1.1.2/go.mod h1:0u2hta1zssq/aaozgS6Nn61CMKlA95Pg6mVsE8zMNus=
github.com/henomis/qdrant-go v1.0.2 h1:fxLfkPsaKqaI9pJ92AuWWWQo5sZEy4ZPrhEse1m5eog=
github.com/henomis/qdrant-go v1.0.2/go.mod h1:gKGGarpdiYg8CNsPNBxKfBg03hbfYy+K3hRatcZ/lUE=
github.com/henomis/restclientgo v1.0.6 h1:sKTHmmG2D37TX4ZTInDDM7dNbT6qn8E3CQdTSTCbAq0=
github.com/henomis/restclientgo v1.0.6/go.mod h1:xIeTCu2ZstvRn0fCukNpzXLN3m/kRTU0i0RwAbv7Zug=
github.com/iancoleman/orderedmap v0.0.0-20190318233801-ac98e3ecb4b0 h1:i462o439ZjprVSFSZLZxcsoAe592sZB1rci2Z8j4wdk=
github.com/iancoleman/orderedmap v0.0.0-20190318233801-ac98e3ecb4b0/go.mod h1:N0Wam8K1arqPXNWjMo21EXnBPOPp36vB07FNRdD2geA=
github.com/invopop/jsonschema v0.7.0 h1:2vgQcBz1n256N+FpX3Jq7Y17AjYt46Ig3zIWyy770So=
github.com/invopop/jsonschema v0.7.0/go.mod h1:O9uiLokuu0+MGFlyiaqtWxwqJm41/+8Nj0lD7A36YH0=
github.com/mitchellh/mapstructure v1.5.0 h1:jeMsZIYE/09sWLaz43PL7Gy6RuMjD2eJVyuac5Z2hdY=
github.com/mitchellh/mapstructure v1.5.0/go.mod h1:bFUtVrKA4DC2yAKiSyO/QUcy7e+RRV2QTWOzhPopBRo=
github.com/pkoukk/tiktoken-go v0.1.1 h1:jtkYlIECjyM9OW1w4rjPmTohK4arORP9V25y6TM6nXo=
github.com/pkoukk/tiktoken-go v0.1.1/go.mod h1:boMWvk9pQCOTx11pgu0DrIdrAKgQzzJKUP6vLXaz7Rw=
github.com/pmezard/go-difflib v1.0.0 h1:4DBwDE0NGyQoBHbLQYPwSUPoCMWR5BEzIk/f1lZbAQM=
github.com/pmezard/go-difflib v1.0.0/go.mod h1:iKH77koFhYxTK1pcRnkKkqfTogsbg7gZNVY4sRDYZ/4=
github.com/sashabaranov/go-openai v1.12.0 h1:aRNHH0gtVfrpIaEolD0sWrLLRnYQNK4cH/bIAHwL8Rk=
github.com/sashabaranov/go-openai v1.12.0/go.mod h1:lj5b/K+zjTSFxVLijLSTDZuP7adOgerWeFyZLUhAKRg=
github.com/stretchr/objx v0.1.0/go.mod h1:HFkY916IF+rwdDfMAkV7OtwuqBVzrE8GR6GFx+wExME=
github.com/stretchr/objx v0.4.0/go.mod h1:YvHI0jy2hoMjB+UWwv71VJQ9isScKT/TqJzVSSt89Yw=
github.com/stretchr/testify v1.3.1-0.20190311161405-34c6fa2dc709/go.mod h1:M5WIy9Dh21IEIfnGCwXGc5bZfKNJtfHm1UVUgZn+9EI=
github.com/stretchr/testify v1.7.0/go.mod h1:6Fq8oRcR53rry900zMqJjRRixrwX3KX962/h/Wwjteg=
github.com/stretchr/testify v1.7.1/go.mod h1:6Fq8oRcR53rry900zMqJjRRixrwX3KX962/h/Wwjteg=
github.com/stretchr/testify v1.8.0/go.mod h1:yNjHg4UonilssWZ8iaSj1OCr/vHnekPRkoO+kdMU+MU=
github.com/stretchr/testify v1.8.2 h1:+h33VjcLVPDHtOdpUCuF+7gSuG3yGIftsP1YvFihtJ8=
github.com/stretchr/testify v1.8.2/go.mod h1:w2LPCIKwWwSfY2zedu0+kehJoqGctiVI29o6fzry7u4=
gopkg.in/check.v1 v0.0.0-20161208181325-20d25e280405/go.mod h1:Co6ibVJAznAaIkqp8huTwlJQCZ016jof/cbN4VW5Yz0=
gopkg.in/yaml.v3 v3.0.0-20200313102051-9f266ea9e77c/go.mod h1:K4uyk7z7BCEPqu6E+C64Yfv1cQ7kz7rIZviUmN+EgEM=
gopkg.in/yaml.v3 v3.0.1 h1:fxVm/GzAzEWqLHuvctI91KS9hhNmmWOoWu0XTYJS7CA=
gopkg.in/yaml.v3 v3.0.1/go.mod h1:K4uyk7z7BCEPqu6E+C64Yfv1cQ7kz7rIZviUmN+EgEM=
